
Microsoft Visual Studio Solution File, Format Version 12.00
Project("{FAE04EC0-301F-11D3-BF4B-00C04F79EFBC}") = "FitchefCrawler", "FitchefCrawler\FitchefCrawler.csproj", "{122D1DC2-F552-45E8-B872-EDB0DF95383D}"
EndProject
Global
	GlobalSection(SolutionConfigurationPlatforms) = preSolution
		Debug|Any CPU = Debug|Any CPU
		Release|Any CPU = Release|Any CPU
	EndGlobalSection
	GlobalSection(ProjectConfigurationPlatforms) = postSolution
		{122D1DC2-F552-45E8-B872-EDB0DF95383D}.Debug|Any CPU.ActiveCfg = Debug|Any CPU
		{122D1DC2-F552-45E8-B872-EDB0DF95383D}.Debug|Any CPU.Build.0 = Debug|Any CPU
		{122D1DC2-F552-45E8-B872-EDB0DF95383D}.Release|Any CPU.ActiveCfg = Release|Any CPU
		{122D1DC2-F552-45E8-B872-EDB0DF95383D}.Release|Any CPU.Build.0 = Release|Any CPU
	EndGlobalSection
EndGlobal
